
Microsoft Visual Studio Solution File, Format Version 12.00
# Visual Studio Version 17
VisualStudioVersion = 17.7.34024.191
MinimumVisualStudioVersion = 10.0.40219.1
Project("{9A19103F-16F7-4668-BE54-9A1E7A4F7556}") = "CramCalcUI", "CramCalcUI.csproj", "{F5A5D829-5765-4FE8-A652-4ED733B54670}"
EndProject
Project("{9A19103F-16F7-4668-BE54-9A1E7A4F7556}") = "PenCalc", "..\PenCalc\PenCalc.csproj", "{9537D68D-3ACE-4642-83D4-076E5857CA98}"
EndProject
Global
	GlobalSection(SolutionConfigurationPlatforms) = preSolution
		Debug|Any CPU = Debug|Any CPU
		Release|Any CPU = Release|Any CPU
	EndGlobalSection
	GlobalSection(ProjectConfigurationPlatforms) = postSolution
		{F5A5D829-5765-4FE8-A652-4ED733B54670}.Debug|Any CPU.ActiveCfg = Debug|Any CPU
		{F5A5D829-5765-4FE8-A652-4ED733B54670}.Debug|Any CPU.Build.0 = Debug|Any CPU
		{F5A5D829-5765-4FE8-A652-4ED733B54670}.Release|Any CPU.ActiveCfg = Release|Any CPU
		{F5A5D829-5765-4FE8-A652-4ED733B54670}.Release|Any CPU.Build.0 = Release|Any CPU
		{9537D68D-3ACE-4642-83D4-076E5857CA98}.Debug|Any CPU.ActiveCfg = Debug|Any CPU
		{9537D68D-3ACE-4642-83D4-076E5857CA98}.Debug|Any CPU.Build.0 = Debug|Any CPU
		{9537D68D-3ACE-4642-83D4-076E5857CA98}.Release|Any CPU.ActiveCfg = Release|Any CPU
		{9537D68D-3ACE-4642-83D4-076E5857CA98}.Release|Any CPU.Build.0 = Release|Any CPU
	EndGlobalSection
	GlobalSection(SolutionProperties) = preSolution
		HideSolutionNode = FALSE
	EndGlobalSection
	GlobalSection(ExtensibilityGlobals) = postSolution
		SolutionGuid = {58B6B42B-B0A2-4095-9369-84B7E8B25AAC}
	EndGlobalSection
EndGlobal
